
Microsoft Visual Studio Solution File, Format Version 12.00
# Visual Studio 15
VisualStudioVersion = 15.0.27004.2010
MinimumVisualStudioVersion = 10.0.40219.1
Project("{FAE04EC0-301F-11D3-BF4B-00C04F79EFBC}") = "UnicodeVisualizer", "UnicodeVisualizer\UnicodeVisualizer.csproj", "{C7AE7083-4299-44DF-86F2-09FEE45669EE}"
EndProject
Project("{FAE04EC0-301F-11D3-BF4B-00C04F79EFBC}") = "UnicodeVisualizer.Test", "UnicodeVisualizer.Test\UnicodeVisualizer.Test.csproj", "{3D402530-26C6-4CB6-98E2-025E6ED8A4E0}"
EndProject
Global
	GlobalSection(SolutionConfigurationPlatforms) = preSolution
		Debug|Any CPU = Debug|Any CPU
		Release|Any CPU = Release|Any CPU
	EndGlobalSection
	GlobalSection(ProjectConfigurationPlatforms) = postSolution
		{C7AE7083-4299-44DF-86F2-09FEE45669EE}.Debug|Any CPU.ActiveCfg = Debug|Any CPU
		{C7AE7083-4299-44DF-86F2-09FEE45669EE}.Debug|Any CPU.Build.0 = Debug|Any CPU
		{C7AE7083-4299-44DF-86F2-09FEE45669EE}.Release|Any CPU.ActiveCfg = Release|Any CPU
		{C7AE7083-4299-44DF-86F2-09FEE45669EE}.Release|Any CPU.Build.0 = Release|Any CPU
		{3D402530-26C6-4CB6-98E2-025E6ED8A4E0}.Debug|Any CPU.ActiveCfg = Debug|Any CPU
		{3D402530-26C6-4CB6-98E2-025E6ED8A4E0}.Debug|Any CPU.Build.0 = Debug|Any CPU
		{3D402530-26C6-4CB6-98E2-025E6ED8A4E0}.Release|Any CPU.ActiveCfg = Release|Any CPU
		{3D402530-26C6-4CB6-98E2-025E6ED8A4E0}.Release|Any CPU.Build.0 = Release|Any CPU
	EndGlobalSection
	GlobalSection(SolutionProperties) = preSolution
		HideSolutionNode = FALSE
	EndGlobalSection
	GlobalSection(ExtensibilityGlobals) = postSolution
		SolutionGuid = {C56C302C-3A97-4E97-9BE5-3B0A6DDEDA49}
	EndGlobalSection
EndGlobal
